
Microsoft Visual Studio Solution File, Format Version 12.00
# Visual Studio Version 17
VisualStudioVersion = 17.4.33403.182
MinimumVisualStudioVersion = 10.0.40219.1
Project("{9A19103F-16F7-4668-BE54-9A1E7A4F7556}") = "HabboLauncher.Net", "HabboLauncher.Net\HabboLauncher.Net.csproj", "{F8A454A7-5246-4013-95D4-B7FF61AD35FE}"
EndProject
Project("{8BC9CEB8-8B4A-11D0-8D11-00A0C91BC942}") = "HabboLauncher.Cpp", "HabboLauncher.Cpp\HabboLauncher.Cpp.vcxproj", "{8CAFB703-8B5E-4CB0-8E44-145A3EB5188D}"
EndProject
Global
	GlobalSection(SolutionConfigurationPlatforms) = preSolution
		Debug|Any CPU = Debug|Any CPU
		Debug|x64 = Debug|x64
		Debug|x86 = Debug|x86
		Release|Any CPU = Release|Any CPU
		Release|x64 = Release|x64
		Release|x86 = Release|x86
	EndGlobalSection
	GlobalSection(ProjectConfigurationPlatforms) = postSolution
		{F8A454A7-5246-4013-95D4-B7FF61AD35FE}.Debug|Any CPU.ActiveCfg = Debug|Any CPU
		{F8A454A7-5246-4013-95D4-B7FF61AD35FE}.Debug|Any CPU.Build.0 = Debug|Any CPU
		{F8A454A7-5246-4013-95D4-B7FF61AD35FE}.Debug|x64.ActiveCfg = Debug|Any CPU
		{F8A454A7-5246-4013-95D4-B7FF61AD35FE}.Debug|x64.Build.0 = Debug|Any CPU
		{F8A454A7-5246-4013-95D4-B7FF61AD35FE}.Debug|x86.ActiveCfg = Debug|Any CPU
		{F8A454A7-5246-4013-95D4-B7FF61AD35FE}.Debug|x86.Build.0 = Debug|Any CPU
		{F8A454A7-5246-4013-95D4-B7FF61AD35FE}.Release|Any CPU.ActiveCfg = Release|Any CPU
		{F8A454A7-5246-4013-95D4-B7FF61AD35FE}.Release|Any CPU.Build.0 = Release|Any CPU
		{F8A454A7-5246-4013-95D4-B7FF61AD35FE}.Release|x64.ActiveCfg = Release|Any CPU
		{F8A454A7-5246-4013-95D4-B7FF61AD35FE}.Release|x64.Build.0 = Release|Any CPU
		{F8A454A7-5246-4013-95D4-B7FF61AD35FE}.Release|x86.ActiveCfg = Release|Any CPU
		{F8A454A7-5246-4013-95D4-B7FF61AD35FE}.Release|x86.Build.0 = Release|Any CPU
		{8CAFB703-8B5E-4CB0-8E44-145A3EB5188D}.Debug|Any CPU.ActiveCfg = Debug|x64
		{8CAFB703-8B5E-4CB0-8E44-145A3EB5188D}.Debug|Any CPU.Build.0 = Debug|x64
		{8CAFB703-8B5E-4CB0-8E44-145A3EB5188D}.Debug|x64.ActiveCfg = Debug|x64
		{8CAFB703-8B5E-4CB0-8E44-145A3EB5188D}.Debug|x64.Build.0 = Debug|x64
		{8CAFB703-8B5E-4CB0-8E44-145A3EB5188D}.Debug|x86.ActiveCfg = Debug|Win32
		{8CAFB703-8B5E-4CB0-8E44-145A3EB5188D}.Debug|x86.Build.0 = Debug|Win32
		{8CAFB703-8B5E-4CB0-8E44-145A3EB5188D}.Release|Any CPU.ActiveCfg = Release|x64
		{8CAFB703-8B5E-4CB0-8E44-145A3EB5188D}.Release|Any CPU.Build.0 = Release|x64
		{8CAFB703-8B5E-4CB0-8E44-145A3EB5188D}.Release|x64.ActiveCfg = Release|x64
		{8CAFB703-8B5E-4CB0-8E44-145A3EB5188D}.Release|x64.Build.0 = Release|x64
		{8CAFB703-8B5E-4CB0-8E44-145A3EB5188D}.Release|x86.ActiveCfg = Release|Win32
		{8CAFB703-8B5E-4CB0-8E44-145A3EB5188D}.Release|x86.Build.0 = Release|Win32
	EndGlobalSection
	GlobalSection(SolutionProperties) = preSolution
		HideSolutionNode = FALSE
	EndGlobalSection
	GlobalSection(ExtensibilityGlobals) = postSolution
		SolutionGuid = {51ED3403-0716-4C5F-899F-D8F686C440C4}
	EndGlobalSection
EndGlobal
